
Microsoft Visual Studio Solution File, Format Version 12.00
# Visual Studio Version 17
VisualStudioVersion = 17.1.32414.318
MinimumVisualStudioVersion = 10.0.40219.1
Project("{FAE04EC0-301F-11D3-BF4B-00C04F79EFBC}") = "Three_Or_More", "Three_Or_More.csproj", "{A30F5E37-48D8-43CA-BD0E-79B331D1AF80}"
EndProject
Global
	GlobalSection(SolutionConfigurationPlatforms) = preSolution
		Debug|Any CPU = Debug|Any CPU
		Release|Any CPU = Release|Any CPU
	EndGlobalSection
	GlobalSection(ProjectConfigurationPlatforms) = postSolution
		{A30F5E37-48D8-43CA-BD0E-79B331D1AF80}.Debug|Any CPU.ActiveCfg = Debug|Any CPU
		{A30F5E37-48D8-43CA-BD0E-79B331D1AF80}.Debug|Any CPU.Build.0 = Debug|Any CPU
		{A30F5E37-48D8-43CA-BD0E-79B331D1AF80}.Release|Any CPU.ActiveCfg = Release|Any CPU
		{A30F5E37-48D8-43CA-BD0E-79B331D1AF80}.Release|Any CPU.Build.0 = Release|Any CPU
	EndGlobalSection
	GlobalSection(SolutionProperties) = preSolution
		HideSolutionNode = FALSE
	EndGlobalSection
	GlobalSection(ExtensibilityGlobals) = postSolution
		SolutionGuid = {70CD901D-0BAF-4A26-8664-64BEB1D35C01}
	EndGlobalSection
EndGlobal
